
Microsoft Visual Studio Solution File, Format Version 12.00
# Visual Studio Version 17
VisualStudioVersion = 17.11.35327.3
MinimumVisualStudioVersion = 10.0.40219.1
Project("{FAE04EC0-301F-11D3-BF4B-00C04F79EFBC}") = "practica_integradora", "practica_integradora.csproj", "{5CD8F300-944E-4F28-8AD7-23E113A673FF}"
EndProject
Global
	GlobalSection(SolutionConfigurationPlatforms) = preSolution
		Debug|Any CPU = Debug|Any CPU
		Release|Any CPU = Release|Any CPU
	EndGlobalSection
	GlobalSection(ProjectConfigurationPlatforms) = postSolution
		{5CD8F300-944E-4F28-8AD7-23E113A673FF}.Debug|Any CPU.ActiveCfg = Debug|Any CPU
		{5CD8F300-944E-4F28-8AD7-23E113A673FF}.Debug|Any CPU.Build.0 = Debug|Any CPU
		{5CD8F300-944E-4F28-8AD7-23E113A673FF}.Release|Any CPU.ActiveCfg = Release|Any CPU
		{5CD8F300-944E-4F28-8AD7-23E113A673FF}.Release|Any CPU.Build.0 = Release|Any CPU
	EndGlobalSection
	GlobalSection(SolutionProperties) = preSolution
		HideSolutionNode = FALSE
	EndGlobalSection
	GlobalSection(ExtensibilityGlobals) = postSolution
		SolutionGuid = {67A0149F-6618-424F-B7A5-EF2C3608075A}
	EndGlobalSection
EndGlobal
